
Microsoft Visual Studio Solution File, Format Version 12.00
# Visual Studio Version 16
VisualStudioVersion = 16.0.31112.23
MinimumVisualStudioVersion = 10.0.40219.1
Project("{FAE04EC0-301F-11D3-BF4B-00C04F79EFBC}") = "WeatherApi", "WeatherApi\WeatherApi.csproj", "{C1EFA5F4-DAA9-4B91-A276-C25E72DB5DA4}"
EndProject
Global
	GlobalSection(SolutionConfigurationPlatforms) = preSolution
		Debug|Any CPU = Debug|Any CPU
		Release|Any CPU = Release|Any CPU
	EndGlobalSection
	GlobalSection(ProjectConfigurationPlatforms) = postSolution
		{C1EFA5F4-DAA9-4B91-A276-C25E72DB5DA4}.Debug|Any CPU.ActiveCfg = Debug|Any CPU
		{C1EFA5F4-DAA9-4B91-A276-C25E72DB5DA4}.Debug|Any CPU.Build.0 = Debug|Any CPU
		{C1EFA5F4-DAA9-4B91-A276-C25E72DB5DA4}.Release|Any CPU.ActiveCfg = Release|Any CPU
		{C1EFA5F4-DAA9-4B91-A276-C25E72DB5DA4}.Release|Any CPU.Build.0 = Release|Any CPU
	EndGlobalSection
	GlobalSection(SolutionProperties) = preSolution
		HideSolutionNode = FALSE
	EndGlobalSection
	GlobalSection(ExtensibilityGlobals) = postSolution
		SolutionGuid = {7B7FDC46-7E87-409F-8A8B-816C22343B5B}
	EndGlobalSection
EndGlobal
